
Microsoft Visual Studio Solution File, Format Version 12.00
# Visual Studio 15
VisualStudioVersion = 15.0.27703.2026
MinimumVisualStudioVersion = 10.0.40219.1
Project("{FAE04EC0-301F-11D3-BF4B-00C04F79EFBC}") = "WebApplication2", "WebApplication2\WebApplication2.csproj", "{DD511137-E255-4A10-86B5-D60692F4F79A}"
EndProject
Global
	GlobalSection(SolutionConfigurationPlatforms) = preSolution
		Debug|Any CPU = Debug|Any CPU
		Release|Any CPU = Release|Any CPU
	EndGlobalSection
	GlobalSection(ProjectConfigurationPlatforms) = postSolution
		{DD511137-E255-4A10-86B5-D60692F4F79A}.Debug|Any CPU.ActiveCfg = Debug|Any CPU
		{DD511137-E255-4A10-86B5-D60692F4F79A}.Debug|Any CPU.Build.0 = Debug|Any CPU
		{DD511137-E255-4A10-86B5-D60692F4F79A}.Release|Any CPU.ActiveCfg = Release|Any CPU
		{DD511137-E255-4A10-86B5-D60692F4F79A}.Release|Any CPU.Build.0 = Release|Any CPU
	EndGlobalSection
	GlobalSection(SolutionProperties) = preSolution
		HideSolutionNode = FALSE
	EndGlobalSection
	GlobalSection(ExtensibilityGlobals) = postSolution
		SolutionGuid = {0BD3899D-15C6-457E-B631-F03E91A93C88}
	EndGlobalSection
EndGlobal
